
Microsoft Visual Studio Solution File, Format Version 12.00
# Visual Studio Version 17
VisualStudioVersion = 17.13.35931.197 d17.13
MinimumVisualStudioVersion = 10.0.40219.1
Project("{FAE04EC0-301F-11D3-BF4B-00C04F79EFBC}") = "ApiVendas", "ApiVendas\ApiVendas.csproj", "{F5A2652E-8BF0-43AC-A88A-D1EE62CF4B81}"
EndProject
Global
	GlobalSection(SolutionConfigurationPlatforms) = preSolution
		Debug|Any CPU = Debug|Any CPU
		Release|Any CPU = Release|Any CPU
	EndGlobalSection
	GlobalSection(ProjectConfigurationPlatforms) = postSolution
		{F5A2652E-8BF0-43AC-A88A-D1EE62CF4B81}.Debug|Any CPU.ActiveCfg = Debug|Any CPU
		{F5A2652E-8BF0-43AC-A88A-D1EE62CF4B81}.Debug|Any CPU.Build.0 = Debug|Any CPU
		{F5A2652E-8BF0-43AC-A88A-D1EE62CF4B81}.Release|Any CPU.ActiveCfg = Release|Any CPU
		{F5A2652E-8BF0-43AC-A88A-D1EE62CF4B81}.Release|Any CPU.Build.0 = Release|Any CPU
	EndGlobalSection
	GlobalSection(SolutionProperties) = preSolution
		HideSolutionNode = FALSE
	EndGlobalSection
	GlobalSection(ExtensibilityGlobals) = postSolution
		SolutionGuid = {2CB3074D-6A0B-45B4-A789-8207DD6F7735}
	EndGlobalSection
EndGlobal
